{
  "name": "pr-review-extension",
  "version": "0.1.0",
  "lockfileVersion": 3,
  "requires": true,
  "packages": {
    "": {
      "name": "pr-review-extension",
      "version": "0.1.0",
      "workspaces": [
        "bridge"
      ]
    },
    "bridge": {
      "name": "@pr-review/bridge",
      "version": "0.1.0",
      "engines": {
        "node": ">=20"
      }
    },
    "node_modules/@pr-review/bridge": {
      "resolved": "bridge",
      "link": true
    }
  }
}
